
Microsoft Visual Studio Solution File, Format Version 12.00
# Visual Studio 14
VisualStudioVersion = 14.0.25420.1
MinimumVisualStudioVersion = 10.0.40219.1
Project("{FAE04EC0-301F-11D3-BF4B-00C04F79EFBC}") = "ProPomon.Droid", "ProPomon\ProPomon.Droid\ProPomon.Droid.csproj", "{2D05B03B-8F1E-4DFE-A293-4ACCF3675C09}"
EndProject
Project("{FAE04EC0-301F-11D3-BF4B-00C04F79EFBC}") = "ProPomon.iOS", "ProPomon\ProPomon.iOS\ProPomon.iOS.csproj", "{464B9536-67B6-4F3C-94DF-AF0676BDBCED}"
EndProject
Project("{FAE04EC0-301F-11D3-BF4B-00C04F79EFBC}") = "ProPomon", "ProPomon\ProPomon\ProPomon.csproj", "{DA2FD392-5BBA-43A3-A958-2E5A7B36AA00}"
EndProject
Global
	GlobalSection(SolutionConfigurationPlatforms) = preSolution
		Ad-Hoc|Any CPU = Ad-Hoc|Any CPU
		Ad-Hoc|iPhone = Ad-Hoc|iPhone
		Ad-Hoc|iPhoneSimulator = Ad-Hoc|iPhoneSimulator
		AppStore|Any CPU = AppStore|Any CPU
		AppStore|iPhone = AppStore|iPhone
		AppStore|iPhoneSimulator = AppStore|iPhoneSimulator
		Debug|Any CPU = Debug|Any CPU
		Debug|iPhone = Debug|iPhone
		Debug|iPhoneSimulator = Debug|iPhoneSimulator
		Release|Any CPU = Release|Any CPU
		Release|iPhone = Release|iPhone
		Release|iPhoneSimulator = Release|iPhoneSimulator
	EndGlobalSection
	GlobalSection(ProjectConfigurationPlatforms) = postSolution
		{2D05B03B-8F1E-4DFE-A293-4ACCF3675C09}.Ad-Hoc|Any CPU.ActiveCfg = Release|Any CPU
		{2D05B03B-8F1E-4DFE-A293-4ACCF3675C09}.Ad-Hoc|Any CPU.Build.0 = Release|Any CPU
		{2D05B03B-8F1E-4DFE-A293-4ACCF3675C09}.Ad-Hoc|Any CPU.Deploy.0 = Release|Any CPU
		{2D05B03B-8F1E-4DFE-A293-4ACCF3675C09}.Ad-Hoc|iPhone.ActiveCfg = Release|Any CPU
		{2D05B03B-8F1E-4DFE-A293-4ACCF3675C09}.Ad-Hoc|iPhone.Build.0 = Release|Any CPU
		{2D05B03B-8F1E-4DFE-A293-4ACCF3675C09}.Ad-Hoc|iPhone.Deploy.0 = Release|Any CPU
		{2D05B03B-8F1E-4DFE-A293-4ACCF3675C09}.Ad-Hoc|iPhoneSimulator.ActiveCfg = Release|Any CPU
		{2D05B03B-8F1E-4DFE-A293-4ACCF3675C09}.Ad-Hoc|iPhoneSimulator.Build.0 = Release|Any CPU
		{2D05B03B-8F1E-4DFE-A293-4ACCF3675C09}.Ad-Hoc|iPhoneSimulator.Deploy.0 = Release|Any CPU
		{2D05B03B-8F1E-4DFE-A293-4ACCF3675C09}.AppStore|Any CPU.ActiveCfg = Release|Any CPU
		{2D05B03B-8F1E-4DFE-A293-4ACCF3675C09}.AppStore|Any CPU.Build.0 = Release|Any CPU
		{2D05B03B-8F1E-4DFE-A293-4ACCF3675C09}.AppStore|Any CPU.Deploy.0 = Release|Any CPU
		{2D05B03B-8F1E-4DFE-A293-4ACCF3675C09}.AppStore|iPhone.ActiveCfg = Release|Any CPU
		{2D05B03B-8F1E-4DFE-A293-4ACCF3675C09}.AppStore|iPhone.Build.0 = Release|Any CPU
		{2D05B03B-8F1E-4DFE-A293-4ACCF3675C09}.AppStore|iPhone.Deploy.0 = Release|Any CPU
		{2D05B03B-8F1E-4DFE-A293-4ACCF3675C09}.AppStore|iPhoneSimulator.ActiveCfg = Release|Any CPU
		{2D05B03B-8F1E-4DFE-A293-4ACCF3675C09}.AppStore|iPhoneSimulator.Build.0 = Release|Any CPU
		{2D05B03B-8F1E-4DFE-A293-4ACCF3675C09}.AppStore|iPhoneSimulator.Deploy.0 = Release|Any CPU
		{2D05B03B-8F1E-4DFE-A293-4ACCF3675C09}.Debug|Any CPU.ActiveCfg = Debug|Any CPU
		{2D05B03B-8F1E-4DFE-A293-4ACCF3675C09}.Debug|Any CPU.Build.0 = Debug|Any CPU
		{2D05B03B-8F1E-4DFE-A293-4ACCF3675C09}.Debug|Any CPU.Deploy.0 = Debug|Any CPU
		{2D05B03B-8F1E-4DFE-A293-4ACCF3675C09}.Debug|iPhone.ActiveCfg = Debug|Any CPU
		{2D05B03B-8F1E-4DFE-A293-4ACCF3675C09}.Debug|iPhone.Build.0 = Debug|Any CPU
		{2D05B03B-8F1E-4DFE-A293-4ACCF3675C09}.Debug|iPhone.Deploy.0 = Debug|Any CPU
		{2D05B03B-8F1E-4DFE-A293-4ACCF3675C09}.Debug|iPhoneSimulator.ActiveCfg = Debug|Any CPU
		{2D05B03B-8F1E-4DFE-A293-4ACCF3675C09}.Debug|iPhoneSimulator.Build.0 = Debug|Any CPU
		{2D05B03B-8F1E-4DFE-A293-4ACCF3675C09}.Debug|iPhoneSimulator.Deploy.0 = Debug|Any CPU
		{2D05B03B-8F1E-4DFE-A293-4ACCF3675C09}.Release|Any CPU.ActiveCfg = Release|Any CPU
		{2D05B03B-8F1E-4DFE-A293-4ACCF3675C09}.Release|Any CPU.Build.0 = Release|Any CPU
		{2D05B03B-8F1E-4DFE-A293-4ACCF3675C09}.Release|Any CPU.Deploy.0 = Release|Any CPU
		{2D05B03B-8F1E-4DFE-A293-4ACCF3675C09}.Release|iPhone.ActiveCfg = Release|Any CPU
		{2D05B03B-8F1E-4DFE-A293-4ACCF3675C09}.Release|iPhone.Build.0 = Release|Any CPU
		{2D05B03B-8F1E-4DFE-A293-4ACCF3675C09}.Release|iPhone.Deploy.0 = Release|Any CPU
		{2D05B03B-8F1E-4DFE-A293-4ACCF3675C09}.Release|iPhoneSimulator.ActiveCfg = Release|Any CPU
		{2D05B03B-8F1E-4DFE-A293-4ACCF3675C09}.Release|iPhoneSimulator.Build.0 = Release|Any CPU
		{2D05B03B-8F1E-4DFE-A293-4ACCF3675C09}.Release|iPhoneSimulator.Deploy.0 = Release|Any CPU
		{464B9536-67B6-4F3C-94DF-AF0676BDBCED}.Ad-Hoc|Any CPU.ActiveCfg = Ad-Hoc|iPhone
		{464B9536-67B6-4F3C-94DF-AF0676BDBCED}.Ad-Hoc|iPhone.ActiveCfg = Ad-Hoc|iPhone
		{464B9536-67B6-4F3C-94DF-AF0676BDBCED}.Ad-Hoc|iPhone.Build.0 = Ad-Hoc|iPhone
		{464B9536-67B6-4F3C-94DF-AF0676BDBCED}.Ad-Hoc|iPhoneSimulator.ActiveCfg = Ad-Hoc|iPhoneSimulator
		{464B9536-67B6-4F3C-94DF-AF0676BDBCED}.Ad-Hoc|iPhoneSimulator.Build.0 = Ad-Hoc|iPhoneSimulator
		{464B9536-67B6-4F3C-94DF-AF0676BDBCED}.AppStore|Any CPU.ActiveCfg = AppStore|iPhone
		{464B9536-67B6-4F3C-94DF-AF0676BDBCED}.AppStore|iPhone.ActiveCfg = AppStore|iPhone
		{464B9536-67B6-4F3C-94DF-AF0676BDBCED}.AppStore|iPhone.Build.0 = AppStore|iPhone
		{464B9536-67B6-4F3C-94DF-AF0676BDBCED}.AppStore|iPhoneSimulator.ActiveCfg = AppStore|iPhoneSimulator
		{464B9536-67B6-4F3C-94DF-AF0676BDBCED}.AppStore|iPhoneSimulator.Build.0 = AppStore|iPhoneSimulator
		{464B9536-67B6-4F3C-94DF-AF0676BDBCED}.Debug|Any CPU.ActiveCfg = Debug|iPhone
		{464B9536-67B6-4F3C-94DF-AF0676BDBCED}.Debug|iPhone.ActiveCfg = Debug|iPhone
		{464B9536-67B6-4F3C-94DF-AF0676BDBCED}.Debug|iPhone.Build.0 = Debug|iPhone
		{464B9536-67B6-4F3C-94DF-AF0676BDBCED}.Debug|iPhoneSimulator.ActiveCfg = Debug|iPhoneSimulator
		{464B9536-67B6-4F3C-94DF-AF0676BDBCED}.Debug|iPhoneSimulator.Build.0 = Debug|iPhoneSimulator
		{464B9536-67B6-4F3C-94DF-AF0676BDBCED}.Release|Any CPU.ActiveCfg = Release|iPhone
		{464B9536-67B6-4F3C-94DF-AF0676BDBCED}.Release|iPhone.ActiveCfg = Release|iPhone
		{464B9536-67B6-4F3C-94DF-AF0676BDBCED}.Release|iPhone.Build.0 = Release|iPhone
		{464B9536-67B6-4F3C-94DF-AF0676BDBCED}.Release|iPhoneSimulator.ActiveCfg = Release|iPhoneSimulator
		{464B9536-67B6-4F3C-94DF-AF0676BDBCED}.Release|iPhoneSimulator.Build.0 = Release|iPhoneSimulator
		{DA2FD392-5BBA-43A3-A958-2E5A7B36AA00}.Ad-Hoc|Any CPU.ActiveCfg = Release|Any CPU
		{DA2FD392-5BBA-43A3-A958-2E5A7B36AA00}.Ad-Hoc|Any CPU.Build.0 = Release|Any CPU
		{DA2FD392-5BBA-43A3-A958-2E5A7B36AA00}.Ad-Hoc|iPhone.ActiveCfg = Release|Any CPU
		{DA2FD392-5BBA-43A3-A958-2E5A7B36AA00}.Ad-Hoc|iPhone.Build.0 = Release|Any CPU
		{DA2FD392-5BBA-43A3-A958-2E5A7B36AA00}.Ad-Hoc|iPhoneSimulator.ActiveCfg = Release|Any CPU
		{DA2FD392-5BBA-43A3-A958-2E5A7B36AA00}.Ad-Hoc|iPhoneSimulator.Build.0 = Release|Any CPU
		{DA2FD392-5BBA-43A3-A958-2E5A7B36AA00}.AppStore|Any CPU.ActiveCfg = Release|Any CPU
		{DA2FD392-5BBA-43A3-A958-2E5A7B36AA00}.AppStore|Any CPU.Build.0 = Release|Any CPU
		{DA2FD392-5BBA-43A3-A958-2E5A7B36AA00}.AppStore|iPhone.ActiveCfg = Release|Any CPU
		{DA2FD392-5BBA-43A3-A958-2E5A7B36AA00}.AppStore|iPhone.Build.0 = Release|Any CPU
		{DA2FD392-5BBA-43A3-A958-2E5A7B36AA00}.AppStore|iPhoneSimulator.ActiveCfg = Release|Any CPU
		{DA2FD392-5BBA-43A3-A958-2E5A7B36AA00}.AppStore|iPhoneSimulator.Build.0 = Release|Any CPU
		{DA2FD392-5BBA-43A3-A958-2E5A7B36AA00}.Debug|Any CPU.ActiveCfg = Debug|Any CPU
		{DA2FD392-5BBA-43A3-A958-2E5A7B36AA00}.Debug|Any CPU.Build.0 = Debug|Any CPU
		{DA2FD392-5BBA-43A3-A958-2E5A7B36AA00}.Debug|iPhone.ActiveCfg = Debug|Any CPU
		{DA2FD392-5BBA-43A3-A958-2E5A7B36AA00}.Debug|iPhone.Build.0 = Debug|Any CPU
		{DA2FD392-5BBA-43A3-A958-2E5A7B36AA00}.Debug|iPhoneSimulator.ActiveCfg = Debug|Any CPU
		{DA2FD392-5BBA-43A3-A958-2E5A7B36AA00}.Debug|iPhoneSimulator.Build.0 = Debug|Any CPU
		{DA2FD392-5BBA-43A3-A958-2E5A7B36AA00}.Release|Any CPU.ActiveCfg = Release|Any CPU
		{DA2FD392-5BBA-43A3-A958-2E5A7B36AA00}.Release|Any CPU.Build.0 = Release|Any CPU
		{DA2FD392-5BBA-43A3-A958-2E5A7B36AA00}.Release|iPhone.ActiveCfg = Release|Any CPU
		{DA2FD392-5BBA-43A3-A958-2E5A7B36AA00}.Release|iPhone.Build.0 = Release|Any CPU
		{DA2FD392-5BBA-43A3-A958-2E5A7B36AA00}.Release|iPhoneSimulator.ActiveCfg = Release|Any CPU
		{DA2FD392-5BBA-43A3-A958-2E5A7B36AA00}.Release|iPhoneSimulator.Build.0 = Release|Any CPU
	EndGlobalSection
	GlobalSection(SolutionProperties) = preSolution
		HideSolutionNode = FALSE
	EndGlobalSection
EndGlobal
